
Microsoft Visual Studio Solution File, Format Version 12.00
# Visual Studio 15
VisualStudioVersion = 15.0.28307.572
MinimumVisualStudioVersion = 10.0.40219.1
Project("{FAE04EC0-301F-11D3-BF4B-00C04F79EFBC}") = "BrowserSelect", "BrowserSelect\BrowserSelect.csproj", "{E54EB455-1766-4D7C-B494-73187586F023}"
EndProject
Project("{FAE04EC0-301F-11D3-BF4B-00C04F79EFBC}") = "Tests", "Tests\Tests.csproj", "{9606494E-FA74-4D59-8FCD-CB26E8D4023A}"
EndProject
Global
	GlobalSection(Performance) = preSolution
		HasPerformanceSessions = true
	EndGlobalSection
	GlobalSection(SolutionConfigurationPlatforms) = preSolution
		Debug|Any CPU = Debug|Any CPU
		Release|Any CPU = Release|Any CPU
	EndGlobalSection
	GlobalSection(ProjectConfigurationPlatforms) = postSolution
		{E54EB455-1766-4D7C-B494-73187586F023}.Debug|Any CPU.ActiveCfg = Debug|Any CPU
		{E54EB455-1766-4D7C-B494-73187586F023}.Debug|Any CPU.Build.0 = Debug|Any CPU
		{E54EB455-1766-4D7C-B494-73187586F023}.Release|Any CPU.ActiveCfg = Release|Any CPU
		{E54EB455-1766-4D7C-B494-73187586F023}.Release|Any CPU.Build.0 = Release|Any CPU
		{9606494E-FA74-4D59-8FCD-CB26E8D4023A}.Debug|Any CPU.ActiveCfg = Debug|Any CPU
		{9606494E-FA74-4D59-8FCD-CB26E8D4023A}.Debug|Any CPU.Build.0 = Debug|Any CPU
		{9606494E-FA74-4D59-8FCD-CB26E8D4023A}.Release|Any CPU.ActiveCfg = Release|Any CPU
		{9606494E-FA74-4D59-8FCD-CB26E8D4023A}.Release|Any CPU.Build.0 = Release|Any CPU
	EndGlobalSection
	GlobalSection(SolutionProperties) = preSolution
		HideSolutionNode = FALSE
	EndGlobalSection
	GlobalSection(ExtensibilityGlobals) = postSolution
		SolutionGuid = {4406B36C-7F93-4C7A-999F-5A052A4F7CC4}
	EndGlobalSection
EndGlobal
